lockfileVersion: '6.1'

settings:
  autoInstallPeers: true
  excludeLinksFromLockfile: false

dependencies:
  '@lucactus/prettier':
    specifier: ^1.0.0
    version: 1.0.0
  dayjs:
    specifier: ^1.11.8
    version: 1.11.8
  typescript:
    specifier: ^5.1.3
    version: 5.1.3

packages:

  /@lucactus/prettier@1.0.0:
    resolution: {integrity: sha512-Kx6a/GECHvV52j6DwL8xiIxviH7QmBVc7uZjhPtPCAoUY7zvCiEoCzbEgXHwYzxDyKanphiVP6g8/P1xkirZmA==}
    dev: false

  /dayjs@1.11.8:
    resolution: {integrity: sha512-LcgxzFoWMEPO7ggRv1Y2N31hUf2R0Vj7fuy/m+Bg1K8rr+KAs1AEy4y9jd5DXe8pbHgX+srkHNS7TH6Q6ZhYeQ==}
    dev: false

  /typescript@5.1.3:
    resolution: {integrity: sha512-XH627E9vkeqhlZFQuL+UsyAXEnibT0kWR2FWONlr4sTjvxyJYnyefgrkyECLzM5NenmKzRAy2rR/OlYLA1HkZw==}
    engines: {node: '>=14.17'}
    hasBin: true
    dev: false
